{
  "name": "algolia-scripts",
  "lockfileVersion": 3,
  "requires": true,
  "packages": {
    "": {
      "name": "algolia-scripts",
      "dependencies": {
        "algoliasearch": "^5.46.1"
      }
    },
    "node_modules/@algolia/abtesting": {
      "version": "1.23.0",
      "resolved": "https://registry.npmjs.org/@algolia/abtesting/-/abtesting-1.23.0.tgz",
      "integrity": "sha512-j45MBISstltys9QyQ4xf6quRiN1g7vMuwQL9VM4dx8YuRZvCQ173b9royZAx6iAbRX3IB1VnG1z//NuwyQ8jpQ==",
      "license": "MIT",
      "dependencies": {
        "@algolia/client-common": "5.57.0",
        "@algolia/requester-browser-xhr": "5.57.0",
        "@algolia/requester-fetch": "5.57.0",
        "@algolia/requester-node-http": "5.57.0"
      },
      "engines": {
        "node": ">= 14.0.0"
      }
    },
    "node_modules/@algolia/client-abtesting": {
      "version": "5.57.0",
      "resolved": "https://registry.npmjs.org/@algolia/client-abtesting/-/client-abtesting-5.57.0.tgz",
      "integrity": "sha512-JVFFujiZUCguk5tz3LZr4fTQxqpIrj4/Jw3SI7kMljSqtfLxYn/s/TWH0J2s4iNfsDpxPhgFGMotCpmDI4kZ8w==",
      "license": "MIT",
      "dependencies": {
        "@algolia/client-common": "5.57.0",
        "@algolia/requester-browser-xhr": "5.57.0",
        "@algolia/requester-fetch": "5.57.0",
        "@algolia/requester-node-http": "5.57.0"
      },
      "engines": {
        "node": ">= 14.0.0"
      }
    },
    "node_modules/@algolia/client-analytics": {
      "version": "5.57.0",
      "resolved": "https://registry.npmjs.org/@algolia/client-analytics/-/client-analytics-5.57.0.tgz",
      "integrity": "sha512-6KqECK4ED3JJQEoDrQWnGPQzElA828xAD4qK5ceawNNyP/LcSvzAoLHjFkoTPksZ/kxj6VUtCRH+IHZesLltng==",
      "license": "MIT",
      "dependencies": {
        "@algolia/client-common": "5.57.0",
        "@algolia/requester-browser-xhr": "5.57.0",
        "@algolia/requester-fetch": "5.57.0",
        "@algolia/requester-node-http": "5.57.0"
      },
      "engines": {
        "node": ">= 14.0.0"
      }
    },
    "node_modules/@algolia/client-common": {
      "version": "5.57.0",
      "resolved": "https://registry.npmjs.org/@algolia/client-common/-/client-common-5.57.0.tgz",
      "integrity": "sha512-uqpGF3oXYsoCbQq5d7BzNrNTfIfuvJyGP1CKvSW27T9boUg7KOwyxsAw1AX0a3jSW2HrYEJ/NN+Z4MiGivbpeQ==",
      "license": "MIT",
      "engines": {
        "node": ">= 14.0.0"
      }
    },
    "node_modules/@algolia/client-insights": {
      "version": "5.57.0",
      "resolved": "https://registry.npmjs.org/@algolia/client-insights/-/client-insights-5.57.0.tgz",
      "integrity": "sha512-u5NboJVJXDEFplvNnqqX4CxkXPYysjJRj47hOSh9329H8kG5gFLKJBIiS5utMQ+GZm8xQl3Te7NInDk6elEADQ==",
      "license": "MIT",
      "dependencies": {
        "@algolia/client-common": "5.57.0",
        "@algolia/requester-browser-xhr": "5.57.0",
        "@algolia/requester-fetch": "5.57.0",
        "@algolia/requester-node-http": "5.57.0"
      },
      "engines": {
        "node": ">= 14.0.0"
      }
    },
    "node_modules/@algolia/client-personalization": {
      "version": "5.57.0",
      "resolved": "https://registry.npmjs.org/@algolia/client-personalization/-/client-personalization-5.57.0.tgz",
      "integrity": "sha512-uzc0b2LmHAK9/QID4xeo35OG84AkZl4YewkCqawqAOGLjT2eZpM/OZx45ESygMHG30Ws+ZTSdluPtMJcUnrbWQ==",
      "license": "MIT",
      "dependencies": {
        "@algolia/client-common": "5.57.0",
        "@algolia/requester-browser-xhr": "5.57.0",
        "@algolia/requester-fetch": "5.57.0",
        "@algolia/requester-node-http": "5.57.0"
      },
      "engines": {
        "node": ">= 14.0.0"
      }
    },
    "node_modules/@algolia/client-query-suggestions": {
      "version": "5.57.0",
      "resolved": "https://registry.npmjs.org/@algolia/client-query-suggestions/-/client-query-suggestions-5.57.0.tgz",
      "integrity": "sha512-dIAhnM6ue/ssa5PjgNfu4g8A4yTojl9ZOUzZU3wIaIKRerL2R/3Emuf9n/D6ICXXP167KC6XCeC7nliSw7cuSw==",
      "license": "MIT",
      "dependencies": {
        "@algolia/client-common": "5.57.0",
        "@algolia/requester-browser-xhr": "5.57.0",
        "@algolia/requester-fetch": "5.57.0",
        "@algolia/requester-node-http": "5.57.0"
      },
      "engines": {
        "node": ">= 14.0.0"
      }
    },
    "node_modules/@algolia/client-search": {
      "version": "5.57.0",
      "resolved": "https://registry.npmjs.org/@algolia/client-search/-/client-search-5.57.0.tgz",
      "integrity": "sha512-2TTPTTKSJmCptvhCm4Xf3bBYMqZni+Pgc2hVdqc4l9wsBpSJNVTVIKpnd10OubUgkGcmppVDj1XQqYaf6EnPSQ==",
      "license": "MIT",
      "dependencies": {
        "@algolia/client-common": "5.57.0",
        "@algolia/requester-browser-xhr": "5.57.0",
        "@algolia/requester-fetch": "5.57.0",
        "@algolia/requester-node-http": "5.57.0"
      },
      "engines": {
        "node": ">= 14.0.0"
      }
    },
    "node_modules/@algolia/ingestion": {
      "version": "1.57.0",
      "resolved": "https://registry.npmjs.org/@algolia/ingestion/-/ingestion-1.57.0.tgz",
      "integrity": "sha512-W4JseHKt+pzOxlFV+T3MWEG0h4Z2Se5zjoXUD0ewlw8aOWMG/yjRdopUdLQsXULepB/My2tDuZjkwk2sMfsUrQ==",
      "license": "MIT",
      "dependencies": {
        "@algolia/client-common": "5.57.0",
        "@algolia/requester-browser-xhr": "5.57.0",
        "@algolia/requester-fetch": "5.57.0",
        "@algolia/requester-node-http": "5.57.0"
      },
      "engines": {
        "node": ">= 14.0.0"
      }
    },
    "node_modules/@algolia/monitoring": {
      "version": "1.57.0",
      "resolved": "https://registry.npmjs.org/@algolia/monitoring/-/monitoring-1.57.0.tgz",
      "integrity": "sha512-BrxJVE0/eLinEPICCD7BKN/2xnt0nkjge70u8zzE2ISP3fuB3tjLgcwpanUycvlHBFLI4gK0l5ol54p6IYuR/Q==",
      "license": "MIT",
      "dependencies": {
        "@algolia/client-common": "5.57.0",
        "@algolia/requester-browser-xhr": "5.57.0",
        "@algolia/requester-fetch": "5.57.0",
        "@algolia/requester-node-http": "5.57.0"
      },
      "engines": {
        "node": ">= 14.0.0"
      }
    },
    "node_modules/@algolia/recommend": {
      "version": "5.57.0",
      "resolved": "https://registry.npmjs.org/@algolia/recommend/-/recommend-5.57.0.tgz",
      "integrity": "sha512-Gc29jkeiLKlVfHvyrIgyUHHE+aYTdXEeLfK42rjr5/1TTVsYwUJz0XkvoIBIqfMjcDg6gXeHb1jTUZ0H+SYIlQ==",
      "license": "MIT",
      "dependencies": {
        "@algolia/client-common": "5.57.0",
        "@algolia/requester-browser-xhr": "5.57.0",
        "@algolia/requester-fetch": "5.57.0",
        "@algolia/requester-node-http": "5.57.0"
      },
      "engines": {
        "node": ">= 14.0.0"
      }
    },
    "node_modules/@algolia/requester-browser-xhr": {
      "version": "5.57.0",
      "resolved": "https://registry.npmjs.org/@algolia/requester-browser-xhr/-/requester-browser-xhr-5.57.0.tgz",
      "integrity": "sha512-PIPnPN7MP3fp2VAi01BVXhCWmD366ZB2Hkq5TlYKtThd4KxUtMmaaNDpFgVCTXtSIqWVZLJntOHRvxg/sIPd8Q==",
      "license": "MIT",
      "dependencies": {
        "@algolia/client-common": "5.57.0"
      },
      "engines": {
        "node": ">= 14.0.0"
      }
    },
    "node_modules/@algolia/requester-fetch": {
      "version": "5.57.0",
      "resolved": "https://registry.npmjs.org/@algolia/requester-fetch/-/requester-fetch-5.57.0.tgz",
      "integrity": "sha512-AX3RlOudXMdTwtwUqdAf5hAVLvXfOZZH1FZh6ALDdrhVLT0TtAIe48N6nYcWcTnwoTxK/wDIQqZ19IMjK8zJAA==",
      "license": "MIT",
      "dependencies": {
        "@algolia/client-common": "5.57.0"
      },
      "engines": {
        "node": ">= 14.0.0"
      }
    },
    "node_modules/@algolia/requester-node-http": {
      "version": "5.57.0",
      "resolved": "https://registry.npmjs.org/@algolia/requester-node-http/-/requester-node-http-5.57.0.tgz",
      "integrity": "sha512-cWZc1dKb7wy9/wPpwMtL1y89gK2G7y2A47Coa7zwf1ydtIeJm4+S+XxoQ2b/ZRiQnrC1YHavLjYUPDCdnT7Khg==",
      "license": "MIT",
      "dependencies": {
        "@algolia/client-common": "5.57.0"
      },
      "engines": {
        "node": ">= 14.0.0"
      }
    },
    "node_modules/algoliasearch": {
      "version": "5.57.0",
      "resolved": "https://registry.npmjs.org/algoliasearch/-/algoliasearch-5.57.0.tgz",
      "integrity": "sha512-HpND7MBGctOAkd1GoQoDZCGoCpqNTS5NG1LuhElFet3RdLJkwnyTYZXZhXwtpAQPrI36fqQ3eT6KQrdKDTKu3A==",
      "license": "MIT",
      "dependencies": {
        "@algolia/abtesting": "1.23.0",
        "@algolia/client-abtesting": "5.57.0",
        "@algolia/client-analytics": "5.57.0",
        "@algolia/client-common": "5.57.0",
        "@algolia/client-insights": "5.57.0",
        "@algolia/client-personalization": "5.57.0",
        "@algolia/client-query-suggestions": "5.57.0",
        "@algolia/client-search": "5.57.0",
        "@algolia/ingestion": "1.57.0",
        "@algolia/monitoring": "1.57.0",
        "@algolia/recommend": "5.57.0",
        "@algolia/requester-browser-xhr": "5.57.0",
        "@algolia/requester-fetch": "5.57.0",
        "@algolia/requester-node-http": "5.57.0"
      },
      "engines": {
        "node": ">= 14.0.0"
      }
    }
  }
}
